
Microsoft Visual Studio Solution File, Format Version 12.00
# Visual Studio 2012
Project("{FAE04EC0-301F-11D3-BF4B-00C04F79EFBC}") = "HelloWorldApp", "HelloWorldApp\HelloWorldApp.csproj", "{E2AD3907-68A7-4791-AD71-2DC1CF5959D2}"
EndProject
Project("{FAE04EC0-301F-11D3-BF4B-00C04F79EFBC}") = "HelloWorldApp.iOS", "iOS\HelloWorldApp.iOS.csproj", "{B13F8351-FDF6-4F00-A145-2FBD63E9544D}"
EndProject
Project("{FAE04EC0-301F-11D3-BF4B-00C04F79EFBC}") = "HelloWorldApp.Android", "Android\HelloWorldApp.Android.csproj", "{DBB4AFC6-AF33-4C95-9005-B09E88519368}"
EndProject
Global
	GlobalSection(SolutionConfigurationPlatforms) = preSolution
		Debug|Any CPU = Debug|Any CPU
		Release|Any CPU = Release|Any CPU
		Debug|iPhoneSimulator = Debug|iPhoneSimulator
		Release|iPhoneSimulator = Release|iPhoneSimulator
		Debug|iPhone = Debug|iPhone
		Release|iPhone = Release|iPhone
		Ad-Hoc|iPhone = Ad-Hoc|iPhone
		AppStore|iPhone = AppStore|iPhone
	EndGlobalSection
	GlobalSection(ProjectConfigurationPlatforms) = postSolution
		{B13F8351-FDF6-4F00-A145-2FBD63E9544D}.Ad-Hoc|iPhone.ActiveCfg = Ad-Hoc|iPhone
		{B13F8351-FDF6-4F00-A145-2FBD63E9544D}.Ad-Hoc|iPhone.Build.0 = Ad-Hoc|iPhone
		{B13F8351-FDF6-4F00-A145-2FBD63E9544D}.AppStore|iPhone.ActiveCfg = AppStore|iPhone
		{B13F8351-FDF6-4F00-A145-2FBD63E9544D}.AppStore|iPhone.Build.0 = AppStore|iPhone
		{B13F8351-FDF6-4F00-A145-2FBD63E9544D}.Debug|Any CPU.ActiveCfg = Debug|iPhoneSimulator
		{B13F8351-FDF6-4F00-A145-2FBD63E9544D}.Debug|Any CPU.Build.0 = Debug|iPhoneSimulator
		{B13F8351-FDF6-4F00-A145-2FBD63E9544D}.Debug|iPhone.ActiveCfg = Debug|iPhone
		{B13F8351-FDF6-4F00-A145-2FBD63E9544D}.Debug|iPhone.Build.0 = Debug|iPhone
		{B13F8351-FDF6-4F00-A145-2FBD63E9544D}.Debug|iPhoneSimulator.ActiveCfg = Debug|iPhoneSimulator
		{B13F8351-FDF6-4F00-A145-2FBD63E9544D}.Debug|iPhoneSimulator.Build.0 = Debug|iPhoneSimulator
		{B13F8351-FDF6-4F00-A145-2FBD63E9544D}.Release|Any CPU.ActiveCfg = Release|iPhoneSimulator
		{B13F8351-FDF6-4F00-A145-2FBD63E9544D}.Release|Any CPU.Build.0 = Release|iPhoneSimulator
		{B13F8351-FDF6-4F00-A145-2FBD63E9544D}.Release|iPhone.ActiveCfg = Release|iPhone
		{B13F8351-FDF6-4F00-A145-2FBD63E9544D}.Release|iPhone.Build.0 = Release|iPhone
		{B13F8351-FDF6-4F00-A145-2FBD63E9544D}.Release|iPhoneSimulator.ActiveCfg = Release|iPhoneSimulator
		{B13F8351-FDF6-4F00-A145-2FBD63E9544D}.Release|iPhoneSimulator.Build.0 = Release|iPhoneSimulator
		{DBB4AFC6-AF33-4C95-9005-B09E88519368}.Ad-Hoc|iPhone.ActiveCfg = Debug|Any CPU
		{DBB4AFC6-AF33-4C95-9005-B09E88519368}.Ad-Hoc|iPhone.Build.0 = Debug|Any CPU
		{DBB4AFC6-AF33-4C95-9005-B09E88519368}.AppStore|iPhone.ActiveCfg = Debug|Any CPU
		{DBB4AFC6-AF33-4C95-9005-B09E88519368}.AppStore|iPhone.Build.0 = Debug|Any CPU
		{DBB4AFC6-AF33-4C95-9005-B09E88519368}.Debug|Any CPU.ActiveCfg = Debug|Any CPU
		{DBB4AFC6-AF33-4C95-9005-B09E88519368}.Debug|Any CPU.Build.0 = Debug|Any CPU
		{DBB4AFC6-AF33-4C95-9005-B09E88519368}.Debug|iPhone.ActiveCfg = Debug|Any CPU
		{DBB4AFC6-AF33-4C95-9005-B09E88519368}.Debug|iPhone.Build.0 = Debug|Any CPU
		{DBB4AFC6-AF33-4C95-9005-B09E88519368}.Debug|iPhoneSimulator.ActiveCfg = Debug|Any CPU
		{DBB4AFC6-AF33-4C95-9005-B09E88519368}.Debug|iPhoneSimulator.Build.0 = Debug|Any CPU
		{DBB4AFC6-AF33-4C95-9005-B09E88519368}.Release|Any CPU.ActiveCfg = Release|Any CPU
		{DBB4AFC6-AF33-4C95-9005-B09E88519368}.Release|Any CPU.Build.0 = Release|Any CPU
		{DBB4AFC6-AF33-4C95-9005-B09E88519368}.Release|iPhone.ActiveCfg = Release|Any CPU
		{DBB4AFC6-AF33-4C95-9005-B09E88519368}.Release|iPhone.Build.0 = Release|Any CPU
		{DBB4AFC6-AF33-4C95-9005-B09E88519368}.Release|iPhoneSimulator.ActiveCfg = Release|Any CPU
		{DBB4AFC6-AF33-4C95-9005-B09E88519368}.Release|iPhoneSimulator.Build.0 = Release|Any CPU
		{E2AD3907-68A7-4791-AD71-2DC1CF5959D2}.Ad-Hoc|iPhone.ActiveCfg = Debug|Any CPU
		{E2AD3907-68A7-4791-AD71-2DC1CF5959D2}.Ad-Hoc|iPhone.Build.0 = Debug|Any CPU
		{E2AD3907-68A7-4791-AD71-2DC1CF5959D2}.AppStore|iPhone.ActiveCfg = Debug|Any CPU
		{E2AD3907-68A7-4791-AD71-2DC1CF5959D2}.AppStore|iPhone.Build.0 = Debug|Any CPU
		{E2AD3907-68A7-4791-AD71-2DC1CF5959D2}.Debug|Any CPU.ActiveCfg = Debug|Any CPU
		{E2AD3907-68A7-4791-AD71-2DC1CF5959D2}.Debug|Any CPU.Build.0 = Debug|Any CPU
		{E2AD3907-68A7-4791-AD71-2DC1CF5959D2}.Debug|iPhone.ActiveCfg = Debug|Any CPU
		{E2AD3907-68A7-4791-AD71-2DC1CF5959D2}.Debug|iPhone.Build.0 = Debug|Any CPU
		{E2AD3907-68A7-4791-AD71-2DC1CF5959D2}.Debug|iPhoneSimulator.ActiveCfg = Debug|Any CPU
		{E2AD3907-68A7-4791-AD71-2DC1CF5959D2}.Debug|iPhoneSimulator.Build.0 = Debug|Any CPU
		{E2AD3907-68A7-4791-AD71-2DC1CF5959D2}.Release|Any CPU.ActiveCfg = Release|Any CPU
		{E2AD3907-68A7-4791-AD71-2DC1CF5959D2}.Release|Any CPU.Build.0 = Release|Any CPU
		{E2AD3907-68A7-4791-AD71-2DC1CF5959D2}.Release|iPhone.ActiveCfg = Release|Any CPU
		{E2AD3907-68A7-4791-AD71-2DC1CF5959D2}.Release|iPhone.Build.0 = Release|Any CPU
		{E2AD3907-68A7-4791-AD71-2DC1CF5959D2}.Release|iPhoneSimulator.ActiveCfg = Release|Any CPU
		{E2AD3907-68A7-4791-AD71-2DC1CF5959D2}.Release|iPhoneSimulator.Build.0 = Release|Any CPU
	EndGlobalSection
	GlobalSection(MonoDevelopProperties) = preSolution
		StartupItem = iOS\HelloWorldApp.iOS.csproj
	EndGlobalSection
EndGlobal
